// !$*UTF8*$!
{
	archiveVersion = 1;
	classes = {
	};
	objectVersion = 77;
	objects = {

/* Begin PBXBuildFile section */
		3CE4D1622F6D1F7800699A75 /* AppDelegate.swift in Sources */ = {isa = PBXBuildFile; fileRef = 3CE4D1612F6D1F7800699A75 /* AppDelegate.swift */; };
		3CE4D1662F6D1F7800699A75 /* Main.html in Resources */ = {isa = PBXBuildFile; fileRef = 3CE4D1642F6D1F7800699A75 /* Main.html */; };
		3CE4D1682F6D1F7800699A75 /* Icon.png in Resources */ = {isa = PBXBuildFile; fileRef = 3CE4D1672F6D1F7800699A75 /* Icon.png */; };
		3CE4D16A2F6D1F7800699A75 /* Style.css in Resources */ = {isa = PBXBuildFile; fileRef = 3CE4D1692F6D1F7800699A75 /* Style.css */; };
		3CE4D16C2F6D1F7800699A75 /* Script.js in Resources */ = {isa = PBXBuildFile; fileRef = 3CE4D16B2F6D1F7800699A75 /* Script.js */; };
		3CE4D16E2F6D1F7800699A75 /* ViewController.swift in Sources */ = {isa = PBXBuildFile; fileRef = 3CE4D16D2F6D1F7800699A75 /* ViewController.swift */; };
		3CE4D1712F6D1F7800699A75 /* Main.storyboard in Resources */ = {isa = PBXBuildFile; fileRef = 3CE4D16F2F6D1F7800699A75 /* Main.storyboard */; };
		3CE4D1732F6D1F7900699A75 /* Assets.xcassets in Resources */ = {isa = PBXBuildFile; fileRef = 3CE4D1722F6D1F7900699A75 /* Assets.xcassets */; };
		3CE4D17A2F6D1F7900699A75 /* ONUL Extension.appex in Embed Foundation Extensions */ = {isa = PBXBuildFile; fileRef = 3CE4D1792F6D1F7900699A75 /* ONUL Extension.appex */; settings = {ATTRIBUTES = (RemoveHeadersOnCopy, ); }; };
		3CE4D17F2F6D1F7900699A75 /* SafariWebExtensionHandler.swift in Sources */ = {isa = PBXBuildFile; fileRef = 3CE4D17E2F6D1F7900699A75 /* SafariWebExtensionHandler.swift */; };
		3CE4D18F2F6D1F7900699A75 /* icon.png in Resources */ = {isa = PBXBuildFile; fileRef = 3CE4D18B2F6D1F7900699A75 /* icon.png */; };
		3CE4D1902F6D1F7900699A75 /* index.html in Resources */ = {isa = PBXBuildFile; fileRef = 3CE4D18C2F6D1F7900699A75 /* index.html */; };
		3CE4D1912F6D1F7900699A75 /* manifest.json in Resources */ = {isa = PBXBuildFile; fileRef = 3CE4D18D2F6D1F7900699A75 /* manifest.json */; };
		3CE4D1922F6D1F7900699A75 /* assets in Resources */ = {isa = PBXBuildFile; fileRef = 3CE4D18E2F6D1F7900699A75 /* assets */; };
/* End PBXBuildFile section */

/* Begin PBXContainerItemProxy section */
		3CE4D17B2F6D1F7900699A75 /* PBXContainerItemProxy */ = {
			isa = PBXContainerItemProxy;
			containerPortal = 3CE4D1562F6D1F7800699A75 /* Project object */;
			proxyType = 1;
			remoteGlobalIDString = 3CE4D1782F6D1F7900699A75;
			remoteInfo = "ONUL Extension";
		};
/* End PBXContainerItemProxy section */

/* Begin PBXCopyFilesBuildPhase section */
		3CE4D1862F6D1F7900699A75 /* Embed Foundation Extensions */ = {
			isa = PBXCopyFilesBuildPhase;
			buildActionMask = 2147483647;
			dstPath = "";
			dstSubfolderSpec = 13;
			files = (
				3CE4D17A2F6D1F7900699A75 /* ONUL Extension.appex in Embed Foundation Extensions */,
			);
			name = "Embed Foundation Extensions";
			runOnlyForDeploymentPostprocessing = 0;
		};
/* End PBXCopyFilesBuildPhase section */

/* Begin PBXFileReference section */
		3CE4D15E2F6D1F7800699A75 /* ONUL.app */ = {isa = PBXFileReference; explicitFileType = wrapper.application; includeInIndex = 0; path = ONUL.app; sourceTree = BUILT_PRODUCTS_DIR; };
		3CE4D1612F6D1F7800699A75 /* AppDelegate.swift */ = {isa = PBXFileReference; lastKnownFileType = sourcecode.swift; path = AppDelegate.swift; sourceTree = "<group>"; };
		3CE4D1652F6D1F7800699A75 /* Base */ = {isa = PBXFileReference; lastKnownFileType = text.html; name = Base; path = Base.lproj/Main.html; sourceTree = "<group>"; };
		3CE4D1672F6D1F7800699A75 /* Icon.png */ = {isa = PBXFileReference; lastKnownFileType = image.png; path = Icon.png; sourceTree = "<group>"; };
		3CE4D1692F6D1F7800699A75 /* Style.css */ = {isa = PBXFileReference; lastKnownFileType = text.css; path = Style.css; sourceTree = "<group>"; };
		3CE4D16B2F6D1F7800699A75 /* Script.js */ = {isa = PBXFileReference; lastKnownFileType = sourcecode.javascript; path = Script.js; sourceTree = "<group>"; };
		3CE4D16D2F6D1F7800699A75 /* ViewController.swift */ = {isa = PBXFileReference; lastKnownFileType = sourcecode.swift; path = ViewController.swift; sourceTree = "<group>"; };
		3CE4D1702F6D1F7800699A75 /* Base */ = {isa = PBXFileReference; lastKnownFileType = file.storyboard; name = Base; path = Base.lproj/Main.storyboard; sourceTree = "<group>"; };
		3CE4D1722F6D1F7900699A75 /* Assets.xcassets */ = {isa = PBXFileReference; lastKnownFileType = folder.assetcatalog; path = Assets.xcassets; sourceTree = "<group>"; };
		3CE4D1742F6D1F7900699A75 /* Info.plist */ = {isa = PBXFileReference; lastKnownFileType = text.plist.xml; path = Info.plist; sourceTree = "<group>"; };
		3CE4D1792F6D1F7900699A75 /* ONUL Extension.appex */ = {isa = PBXFileReference; explicitFileType = "wrapper.app-extension"; includeInIndex = 0; path = "ONUL Extension.appex"; sourceTree = BUILT_PRODUCTS_DIR; };
		3CE4D17E2F6D1F7900699A75 /* SafariWebExtensionHandler.swift */ = {isa = PBXFileReference; lastKnownFileType = sourcecode.swift; path = SafariWebExtensionHandler.swift; sourceTree = "<group>"; };
		3CE4D1802F6D1F7900699A75 /* Info.plist */ = {isa = PBXFileReference; lastKnownFileType = text.plist.xml; path = Info.plist; sourceTree = "<group>"; };
		3CE4D18B2F6D1F7900699A75 /* icon.png */ = {isa = PBXFileReference; lastKnownFileType = image.png; name = icon.png; path = "../../../dist/safari-webext/icon.png"; sourceTree = "<group>"; };
		3CE4D18C2F6D1F7900699A75 /* index.html */ = {isa = PBXFileReference; lastKnownFileType = text.html; name = index.html; path = "../../../dist/safari-webext/index.html"; sourceTree = "<group>"; };
		3CE4D18D2F6D1F7900699A75 /* manifest.json */ = {isa = PBXFileReference; lastKnownFileType = text.json; name = manifest.json; path = "../../../dist/safari-webext/manifest.json"; sourceTree = "<group>"; };
		3CE4D18E2F6D1F7900699A75 /* assets */ = {isa = PBXFileReference; lastKnownFileType = folder; name = assets; path = "../../../dist/safari-webext/assets"; sourceTree = "<group>"; };
/* End PBXFileReference section */

/* Begin PBXFrameworksBuildPhase section */
		3CE4D15B2F6D1F7800699A75 /* Frameworks */ = {
			isa = PBXFrameworksBuildPhase;
			buildActionMask = 2147483647;
			files = (
			);
			runOnlyForDeploymentPostprocessing = 0;
		};
		3CE4D1762F6D1F7900699A75 /* Frameworks */ = {
			isa = PBXFrameworksBuildPhase;
			buildActionMask = 2147483647;
			files = (
			);
			runOnlyForDeploymentPostprocessing = 0;
		};
/* End PBXFrameworksBuildPhase section */

/* Begin PBXGroup section */
		3CE4D1552F6D1F7800699A75 = {
			isa = PBXGroup;
			children = (
				3CE4D1602F6D1F7800699A75 /* ONUL */,
				3CE4D17D2F6D1F7900699A75 /* ONUL Extension */,
				3CE4D15F2F6D1F7800699A75 /* Products */,
			);
			sourceTree = "<group>";
		};
		3CE4D15F2F6D1F7800699A75 /* Products */ = {
			isa = PBXGroup;
			children = (
				3CE4D15E2F6D1F7800699A75 /* ONUL.app */,
				3CE4D1792F6D1F7900699A75 /* ONUL Extension.appex */,
			);
			name = Products;
			sourceTree = "<group>";
		};
		3CE4D1602F6D1F7800699A75 /* ONUL */ = {
			isa = PBXGroup;
			children = (
				3CE4D1612F6D1F7800699A75 /* AppDelegate.swift */,
				3CE4D16D2F6D1F7800699A75 /* ViewController.swift */,
				3CE4D16F2F6D1F7800699A75 /* Main.storyboard */,
				3CE4D1722F6D1F7900699A75 /* Assets.xcassets */,
				3CE4D1742F6D1F7900699A75 /* Info.plist */,
				3CE4D1632F6D1F7800699A75 /* Resources */,
			);
			path = ONUL;
			sourceTree = "<group>";
		};
		3CE4D1632F6D1F7800699A75 /* Resources */ = {
			isa = PBXGroup;
			children = (
				3CE4D1642F6D1F7800699A75 /* Main.html */,
				3CE4D1672F6D1F7800699A75 /* Icon.png */,
				3CE4D1692F6D1F7800699A75 /* Style.css */,
				3CE4D16B2F6D1F7800699A75 /* Script.js */,
			);
			path = Resources;
			sourceTree = "<group>";
		};
		3CE4D17D2F6D1F7900699A75 /* ONUL Extension */ = {
			isa = PBXGroup;
			children = (
				3CE4D18A2F6D1F7900699A75 /* Resources */,
				3CE4D17E2F6D1F7900699A75 /* SafariWebExtensionHandler.swift */,
				3CE4D1802F6D1F7900699A75 /* Info.plist */,
			);
			path = "ONUL Extension";
			sourceTree = "<group>";
		};
		3CE4D18A2F6D1F7900699A75 /* Resources */ = {
			isa = PBXGroup;
			children = (
				3CE4D18B2F6D1F7900699A75 /* icon.png */,
				3CE4D18C2F6D1F7900699A75 /* index.html */,
				3CE4D18D2F6D1F7900699A75 /* manifest.json */,
				3CE4D18E2F6D1F7900699A75 /* assets */,
			);
			name = Resources;
			path = "ONUL Extension";
			sourceTree = SOURCE_ROOT;
		};
/* End PBXGroup section */

/* Begin PBXNativeTarget section */
		3CE4D15D2F6D1F7800699A75 /* ONUL */ = {
			isa = PBXNativeTarget;
			buildConfigurationList = 3CE4D1872F6D1F7900699A75 /* Build configuration list for PBXNativeTarget "ONUL" */;
			buildPhases = (
				3CE4D15A2F6D1F7800699A75 /* Sources */,
				3CE4D15B2F6D1F7800699A75 /* Frameworks */,
				3CE4D15C2F6D1F7800699A75 /* Resources */,
				3CE4D1862F6D1F7900699A75 /* Embed Foundation Extensions */,
			);
			buildRules = (
			);
			dependencies = (
				3CE4D17C2F6D1F7900699A75 /* PBXTargetDependency */,
			);
			name = ONUL;
			packageProductDependencies = (
			);
			productName = ONUL;
			productReference = 3CE4D15E2F6D1F7800699A75 /* ONUL.app */;
			productType = "com.apple.product-type.application";
		};
		3CE4D1782F6D1F7900699A75 /* ONUL Extension */ = {
			isa = PBXNativeTarget;
			buildConfigurationList = 3CE4D1832F6D1F7900699A75 /* Build configuration list for PBXNativeTarget "ONUL Extension" */;
			buildPhases = (
				3CE4D1752F6D1F7900699A75 /* Sources */,
				3CE4D1762F6D1F7900699A75 /* Frameworks */,
				3CE4D1772F6D1F7900699A75 /* Resources */,
			);
			buildRules = (
			);
			dependencies = (
			);
			name = "ONUL Extension";
			packageProductDependencies = (
			);
			productName = "ONUL Extension";
			productReference = 3CE4D1792F6D1F7900699A75 /* ONUL Extension.appex */;
			productType = "com.apple.product-type.app-extension";
		};
/* End PBXNativeTarget section */

/* Begin PBXProject section */
		3CE4D1562F6D1F7800699A75 /* Project object */ = {
			isa = PBXProject;
			attributes = {
				BuildIndependentTargetsInParallel = 1;
				LastSwiftUpdateCheck = 2630;
				LastUpgradeCheck = 2630;
				TargetAttributes = {
					3CE4D15D2F6D1F7800699A75 = {
						CreatedOnToolsVersion = 26.3;
					};
					3CE4D1782F6D1F7900699A75 = {
						CreatedOnToolsVersion = 26.3;
					};
				};
			};
			buildConfigurationList = 3CE4D1592F6D1F7800699A75 /* Build configuration list for PBXProject "ONUL" */;
			developmentRegion = en;
			hasScannedForEncodings = 0;
			knownRegions = (
				en,
				Base,
			);
			mainGroup = 3CE4D1552F6D1F7800699A75;
			minimizedProjectReferenceProxies = 1;
			preferredProjectObjectVersion = 77;
			productRefGroup = 3CE4D15F2F6D1F7800699A75 /* Products */;
			projectDirPath = "";
			projectRoot = "";
			targets = (
				3CE4D15D2F6D1F7800699A75 /* ONUL */,
				3CE4D1782F6D1F7900699A75 /* ONUL Extension */,
			);
		};
/* End PBXProject section */

/* Begin PBXResourcesBuildPhase section */
		3CE4D15C2F6D1F7800699A75 /* Resources */ = {
			isa = PBXResourcesBuildPhase;
			buildActionMask = 2147483647;
			files = (
				3CE4D1682F6D1F7800699A75 /* Icon.png in Resources */,
				3CE4D1712F6D1F7800699A75 /* Main.storyboard in Resources */,
				3CE4D16C2F6D1F7800699A75 /* Script.js in Resources */,
				3CE4D1662F6D1F7800699A75 /* Main.html in Resources */,
				3CE4D1732F6D1F7900699A75 /* Assets.xcassets in Resources */,
				3CE4D16A2F6D1F7800699A75 /* Style.css in Resources */,
			);
			runOnlyForDeploymentPostprocessing = 0;
		};
		3CE4D1772F6D1F7900699A75 /* Resources */ = {
			isa = PBXResourcesBuildPhase;
			buildActionMask = 2147483647;
			files = (
				3CE4D18F2F6D1F7900699A75 /* icon.png in Resources */,
				3CE4D1922F6D1F7900699A75 /* assets in Resources */,
				3CE4D1912F6D1F7900699A75 /* manifest.json in Resources */,
				3CE4D1902F6D1F7900699A75 /* index.html in Resources */,
			);
			runOnlyForDeploymentPostprocessing = 0;
		};
/* End PBXResourcesBuildPhase section */

/* Begin PBXSourcesBuildPhase section */
		3CE4D15A2F6D1F7800699A75 /* Sources */ = {
			isa = PBXSourcesBuildPhase;
			buildActionMask = 2147483647;
			files = (
				3CE4D16E2F6D1F7800699A75 /* ViewController.swift in Sources */,
				3CE4D1622F6D1F7800699A75 /* AppDelegate.swift in Sources */,
			);
			runOnlyForDeploymentPostprocessing = 0;
		};
		3CE4D1752F6D1F7900699A75 /* Sources */ = {
			isa = PBXSourcesBuildPhase;
			buildActionMask = 2147483647;
			files = (
				3CE4D17F2F6D1F7900699A75 /* SafariWebExtensionHandler.swift in Sources */,
			);
			runOnlyForDeploymentPostprocessing = 0;
		};
/* End PBXSourcesBuildPhase section */

/* Begin PBXTargetDependency section */
		3CE4D17C2F6D1F7900699A75 /* PBXTargetDependency */ = {
			isa = PBXTargetDependency;
			target = 3CE4D1782F6D1F7900699A75 /* ONUL Extension */;
			targetProxy = 3CE4D17B2F6D1F7900699A75 /* PBXContainerItemProxy */;
		};
/* End PBXTargetDependency section */

/* Begin PBXVariantGroup section */
		3CE4D1642F6D1F7800699A75 /* Main.html */ = {
			isa = PBXVariantGroup;
			children = (
				3CE4D1652F6D1F7800699A75 /* Base */,
			);
			name = Main.html;
			sourceTree = "<group>";
		};
		3CE4D16F2F6D1F7800699A75 /* Main.storyboard */ = {
			isa = PBXVariantGroup;
			children = (
				3CE4D1702F6D1F7800699A75 /* Base */,
			);
			name = Main.storyboard;
			sourceTree = "<group>";
		};
/* End PBXVariantGroup section */

/* Begin XCBuildConfiguration section */
		3CE4D1812F6D1F7900699A75 /* Debug */ = {
			isa = XCBuildConfiguration;
			buildSettings = {
				ALWAYS_SEARCH_USER_PATHS = NO;
				ASSETCATALOG_COMPILER_GENERATE_SWIFT_ASSET_SYMBOL_EXTENSIONS = YES;
				CLANG_ANALYZER_NONNULL = YES;
				CLANG_ANALYZER_NUMBER_OBJECT_CONVERSION = YES_AGGRESSIVE;
				CLANG_CXX_LANGUAGE_STANDARD = "gnu++20";
				CLANG_ENABLE_MODULES = YES;
				CLANG_ENABLE_OBJC_ARC = YES;
				CLANG_ENABLE_OBJC_WEAK = YES;
				CLANG_WARN_BLOCK_CAPTURE_AUTORELEASING = YES;
				CLANG_WARN_BOOL_CONVERSION = YES;
				CLANG_WARN_COMMA = YES;
				CLANG_WARN_CONSTANT_CONVERSION = YES;
				CLANG_WARN_DEPRECATED_OBJC_IMPLEMENTATIONS = YES;
				CLANG_WARN_DIRECT_OBJC_ISA_USAGE = YES_ERROR;
				CLANG_WARN_DOCUMENTATION_COMMENTS = YES;
				CLANG_WARN_EMPTY_BODY = YES;
				CLANG_WARN_ENUM_CONVERSION = YES;
				CLANG_WARN_INFINITE_RECURSION = YES;
				CLANG_WARN_INT_CONVERSION = YES;
				CLANG_WARN_NON_LITERAL_NULL_CONVERSION = YES;
				CLANG_WARN_OBJC_IMPLICIT_RETAIN_SELF = YES;
				CLANG_WARN_OBJC_LITERAL_CONVERSION = YES;
				CLANG_WARN_OBJC_ROOT_CLASS = YES_ERROR;
				CLANG_WARN_QUOTED_INCLUDE_IN_FRAMEWORK_HEADER = YES;
				CLANG_WARN_RANGE_LOOP_ANALYSIS = YES;
				CLANG_WARN_STRICT_PROTOTYPES = YES;
				CLANG_WARN_SUSPICIOUS_MOVE = YES;
				CLANG_WARN_UNGUARDED_AVAILABILITY = YES_AGGRESSIVE;
				CLANG_WARN_UNREACHABLE_CODE = YES;
				CLANG_WARN__DUPLICATE_METHOD_MATCH = YES;
				COPY_PHASE_STRIP = NO;
				DEBUG_INFORMATION_FORMAT = dwarf;
				ENABLE_STRICT_OBJC_MSGSEND = YES;
				ENABLE_TESTABILITY = YES;
				ENABLE_USER_SCRIPT_SANDBOXING = YES;
				GCC_C_LANGUAGE_STANDARD = gnu17;
				GCC_DYNAMIC_NO_PIC = NO;
				GCC_NO_COMMON_BLOCKS = YES;
				GCC_OPTIMIZATION_LEVEL = 0;
				GCC_PREPROCESSOR_DEFINITIONS = (
					"DEBUG=1",
					"$(inherited)",
				);
				GCC_WARN_64_TO_32_BIT_CONVERSION = YES;
				GCC_WARN_ABOUT_RETURN_TYPE = YES_ERROR;
				GCC_WARN_UNDECLARED_SELECTOR = YES;
				GCC_WARN_UNINITIALIZED_AUTOS = YES_AGGRESSIVE;
				GCC_WARN_UNUSED_FUNCTION = YES;
				GCC_WARN_UNUSED_VARIABLE = YES;
				LOCALIZATION_PREFERS_STRING_CATALOGS = YES;
				MACOSX_DEPLOYMENT_TARGET = 26.2;
				MTL_ENABLE_DEBUG_INFO = INCLUDE_SOURCE;
				MTL_FAST_MATH = YES;
				ONLY_ACTIVE_ARCH = YES;
				SDKROOT = macosx;
				SWIFT_ACTIVE_COMPILATION_CONDITIONS = "DEBUG $(inherited)";
				SWIFT_OPTIMIZATION_LEVEL = "-Onone";
			};
			name = Debug;
		};
		3CE4D1822F6D1F7900699A75 /* Release */ = {
			isa = XCBuildConfiguration;
			buildSettings = {
				ALWAYS_SEARCH_USER_PATHS = NO;
				ASSETCATALOG_COMPILER_GENERATE_SWIFT_ASSET_SYMBOL_EXTENSIONS = YES;
				CLANG_ANALYZER_NONNULL = YES;
				CLANG_ANALYZER_NUMBER_OBJECT_CONVERSION = YES_AGGRESSIVE;
				CLANG_CXX_LANGUAGE_STANDARD = "gnu++20";
				CLANG_ENABLE_MODULES = YES;
				CLANG_ENABLE_OBJC_ARC = YES;
				CLANG_ENABLE_OBJC_WEAK = YES;
				CLANG_WARN_BLOCK_CAPTURE_AUTORELEASING = YES;
				CLANG_WARN_BOOL_CONVERSION = YES;
				CLANG_WARN_COMMA = YES;
				CLANG_WARN_CONSTANT_CONVERSION = YES;
				CLANG_WARN_DEPRECATED_OBJC_IMPLEMENTATIONS = YES;
				CLANG_WARN_DIRECT_OBJC_ISA_USAGE = YES_ERROR;
				CLANG_WARN_DOCUMENTATION_COMMENTS = YES;
				CLANG_WARN_EMPTY_BODY = YES;
				CLANG_WARN_ENUM_CONVERSION = YES;
				CLANG_WARN_INFINITE_RECURSION = YES;
				CLANG_WARN_INT_CONVERSION = YES;
				CLANG_WARN_NON_LITERAL_NULL_CONVERSION = YES;
				CLANG_WARN_OBJC_IMPLICIT_RETAIN_SELF = YES;
				CLANG_WARN_OBJC_LITERAL_CONVERSION = YES;
				CLANG_WARN_OBJC_ROOT_CLASS = YES_ERROR;
				CLANG_WARN_QUOTED_INCLUDE_IN_FRAMEWORK_HEADER = YES;
				CLANG_WARN_RANGE_LOOP_ANALYSIS = YES;
				CLANG_WARN_STRICT_PROTOTYPES = YES;
				CLANG_WARN_SUSPICIOUS_MOVE = YES;
				CLANG_WARN_UNGUARDED_AVAILABILITY = YES_AGGRESSIVE;
				CLANG_WARN_UNREACHABLE_CODE = YES;
				CLANG_WARN__DUPLICATE_METHOD_MATCH = YES;
				COPY_PHASE_STRIP = NO;
				DEBUG_INFORMATION_FORMAT = "dwarf-with-dsym";
				ENABLE_NS_ASSERTIONS = NO;
				ENABLE_STRICT_OBJC_MSGSEND = YES;
				ENABLE_USER_SCRIPT_SANDBOXING = YES;
				GCC_C_LANGUAGE_STANDARD = gnu17;
				GCC_NO_COMMON_BLOCKS = YES;
				GCC_WARN_64_TO_32_BIT_CONVERSION = YES;
				GCC_WARN_ABOUT_RETURN_TYPE = YES_ERROR;
				GCC_WARN_UNDECLARED_SELECTOR = YES;
				GCC_WARN_UNINITIALIZED_AUTOS = YES_AGGRESSIVE;
				GCC_WARN_UNUSED_FUNCTION = YES;
				GCC_WARN_UNUSED_VARIABLE = YES;
				LOCALIZATION_PREFERS_STRING_CATALOGS = YES;
				MACOSX_DEPLOYMENT_TARGET = 26.2;
				MTL_ENABLE_DEBUG_INFO = NO;
				MTL_FAST_MATH = YES;
				SDKROOT = macosx;
				SWIFT_COMPILATION_MODE = wholemodule;
			};
			name = Release;
		};
		3CE4D1842F6D1F7900699A75 /* Debug */ = {
			isa = XCBuildConfiguration;
			buildSettings = {
				CODE_SIGN_STYLE = Automatic;
				CURRENT_PROJECT_VERSION = 1;
				ENABLE_APP_SANDBOX = YES;
				ENABLE_HARDENED_RUNTIME = YES;
				ENABLE_USER_SELECTED_FILES = readonly;
				GENERATE_INFOPLIST_FILE = YES;
				INFOPLIST_FILE = "ONUL Extension/Info.plist";
				INFOPLIST_KEY_CFBundleDisplayName = "ONUL Extension";
				INFOPLIST_KEY_NSHumanReadableCopyright = "";
				LD_RUNPATH_SEARCH_PATHS = (
					"$(inherited)",
					"@executable_path/../Frameworks",
					"@executable_path/../../../../Frameworks",
				);
				MACOSX_DEPLOYMENT_TARGET = 10.14;
				MARKETING_VERSION = 1.0;
				OTHER_LDFLAGS = (
					"-framework",
					SafariServices,
				);
				PRODUCT_BUNDLE_IDENTIFIER = dev.gongahkia.onul.Extension;
				PRODUCT_NAME = "$(TARGET_NAME)";
				SKIP_INSTALL = YES;
				STRING_CATALOG_GENERATE_SYMBOLS = YES;
				SWIFT_APPROACHABLE_CONCURRENCY = YES;
				SWIFT_EMIT_LOC_STRINGS = YES;
				SWIFT_UPCOMING_FEATURE_MEMBER_IMPORT_VISIBILITY = YES;
				SWIFT_VERSION = 5.0;
			};
			name = Debug;
		};
		3CE4D1852F6D1F7900699A75 /* Release */ = {
			isa = XCBuildConfiguration;
			buildSettings = {
				CODE_SIGN_STYLE = Automatic;
				CURRENT_PROJECT_VERSION = 1;
				ENABLE_APP_SANDBOX = YES;
				ENABLE_HARDENED_RUNTIME = YES;
				ENABLE_USER_SELECTED_FILES = readonly;
				GENERATE_INFOPLIST_FILE = YES;
				INFOPLIST_FILE = "ONUL Extension/Info.plist";
				INFOPLIST_KEY_CFBundleDisplayName = "ONUL Extension";
				INFOPLIST_KEY_NSHumanReadableCopyright = "";
				LD_RUNPATH_SEARCH_PATHS = (
					"$(inherited)",
					"@executable_path/../Frameworks",
					"@executable_path/../../../../Frameworks",
				);
				MACOSX_DEPLOYMENT_TARGET = 10.14;
				MARKETING_VERSION = 1.0;
				OTHER_LDFLAGS = (
					"-framework",
					SafariServices,
				);
				PRODUCT_BUNDLE_IDENTIFIER = dev.gongahkia.onul.Extension;
				PRODUCT_NAME = "$(TARGET_NAME)";
				SKIP_INSTALL = YES;
				STRING_CATALOG_GENERATE_SYMBOLS = YES;
				SWIFT_APPROACHABLE_CONCURRENCY = YES;
				SWIFT_EMIT_LOC_STRINGS = YES;
				SWIFT_UPCOMING_FEATURE_MEMBER_IMPORT_VISIBILITY = YES;
				SWIFT_VERSION = 5.0;
			};
			name = Release;
		};
		3CE4D1882F6D1F7900699A75 /* Debug */ = {
			isa = XCBuildConfiguration;
			buildSettings = {
				ASSETCATALOG_COMPILER_APPICON_NAME = AppIcon;
				ASSETCATALOG_COMPILER_GLOBAL_ACCENT_COLOR_NAME = AccentColor;
				CODE_SIGN_STYLE = Automatic;
				COMBINE_HIDPI_IMAGES = YES;
				CURRENT_PROJECT_VERSION = 1;
				ENABLE_APP_SANDBOX = YES;
				ENABLE_HARDENED_RUNTIME = YES;
				ENABLE_OUTGOING_NETWORK_CONNECTIONS = YES;
				ENABLE_USER_SELECTED_FILES = readonly;
				GENERATE_INFOPLIST_FILE = YES;
				INFOPLIST_FILE = ONUL/Info.plist;
				INFOPLIST_KEY_CFBundleDisplayName = ONUL;
				INFOPLIST_KEY_NSHumanReadableCopyright = "";
				INFOPLIST_KEY_NSMainStoryboardFile = Main;
				INFOPLIST_KEY_NSPrincipalClass = NSApplication;
				LD_RUNPATH_SEARCH_PATHS = (
					"$(inherited)",
					"@executable_path/../Frameworks",
				);
				MARKETING_VERSION = 1.0;
				OTHER_LDFLAGS = (
					"-framework",
					SafariServices,
					"-framework",
					WebKit,
				);
				PRODUCT_BUNDLE_IDENTIFIER = dev.gongahkia.onul;
				PRODUCT_NAME = "$(TARGET_NAME)";
				REGISTER_APP_GROUPS = YES;
				STRING_CATALOG_GENERATE_SYMBOLS = YES;
				SWIFT_APPROACHABLE_CONCURRENCY = YES;
				SWIFT_DEFAULT_ACTOR_ISOLATION = MainActor;
				SWIFT_EMIT_LOC_STRINGS = YES;
				SWIFT_UPCOMING_FEATURE_MEMBER_IMPORT_VISIBILITY = YES;
				SWIFT_VERSION = 5.0;
			};
			name = Debug;
		};
		3CE4D1892F6D1F7900699A75 /* Release */ = {
			isa = XCBuildConfiguration;
			buildSettings = {
				ASSETCATALOG_COMPILER_APPICON_NAME = AppIcon;
				ASSETCATALOG_COMPILER_GLOBAL_ACCENT_COLOR_NAME = AccentColor;
				CODE_SIGN_STYLE = Automatic;
				COMBINE_HIDPI_IMAGES = YES;
				CURRENT_PROJECT_VERSION = 1;
				ENABLE_APP_SANDBOX = YES;
				ENABLE_HARDENED_RUNTIME = YES;
				ENABLE_OUTGOING_NETWORK_CONNECTIONS = YES;
				ENABLE_USER_SELECTED_FILES = readonly;
				GENERATE_INFOPLIST_FILE = YES;
				INFOPLIST_FILE = ONUL/Info.plist;
				INFOPLIST_KEY_CFBundleDisplayName = ONUL;
				INFOPLIST_KEY_NSHumanReadableCopyright = "";
				INFOPLIST_KEY_NSMainStoryboardFile = Main;
				INFOPLIST_KEY_NSPrincipalClass = NSApplication;
				LD_RUNPATH_SEARCH_PATHS = (
					"$(inherited)",
					"@executable_path/../Frameworks",
				);
				MARKETING_VERSION = 1.0;
				OTHER_LDFLAGS = (
					"-framework",
					SafariServices,
					"-framework",
					WebKit,
				);
				PRODUCT_BUNDLE_IDENTIFIER = dev.gongahkia.onul;
				PRODUCT_NAME = "$(TARGET_NAME)";
				REGISTER_APP_GROUPS = YES;
				STRING_CATALOG_GENERATE_SYMBOLS = YES;
				SWIFT_APPROACHABLE_CONCURRENCY = YES;
				SWIFT_DEFAULT_ACTOR_ISOLATION = MainActor;
				SWIFT_EMIT_LOC_STRINGS = YES;
				SWIFT_UPCOMING_FEATURE_MEMBER_IMPORT_VISIBILITY = YES;
				SWIFT_VERSION = 5.0;
			};
			name = Release;
		};
/* End XCBuildConfiguration section */

/* Begin XCConfigurationList section */
		3CE4D1592F6D1F7800699A75 /* Build configuration list for PBXProject "ONUL" */ = {
			isa = XCConfigurationList;
			buildConfigurations = (
				3CE4D1812F6D1F7900699A75 /* Debug */,
				3CE4D1822F6D1F7900699A75 /* Release */,
			);
			defaultConfigurationIsVisible = 0;
			defaultConfigurationName = Release;
		};
		3CE4D1832F6D1F7900699A75 /* Build configuration list for PBXNativeTarget "ONUL Extension" */ = {
			isa = XCConfigurationList;
			buildConfigurations = (
				3CE4D1842F6D1F7900699A75 /* Debug */,
				3CE4D1852F6D1F7900699A75 /* Release */,
			);
			defaultConfigurationIsVisible = 0;
			defaultConfigurationName = Release;
		};
		3CE4D1872F6D1F7900699A75 /* Build configuration list for PBXNativeTarget "ONUL" */ = {
			isa = XCConfigurationList;
			buildConfigurations = (
				3CE4D1882F6D1F7900699A75 /* Debug */,
				3CE4D1892F6D1F7900699A75 /* Release */,
			);
			defaultConfigurationIsVisible = 0;
			defaultConfigurationName = Release;
		};
/* End XCConfigurationList section */
	};
	rootObject = 3CE4D1562F6D1F7800699A75 /* Project object */;
}
